
Microsoft Visual Studio Solution File, Format Version 12.00
# Visual Studio 15
Project("{FAE04EC0-301F-11D3-BF4B-00C04F79EFBC}") = "UnityEngine.UI", "UnityEngine.UI.csproj", "{86FCBEAD-2C60-2262-F355-E3D8BDA46247}"
EndProject
Project("{FAE04EC0-301F-11D3-BF4B-00C04F79EFBC}") = "UnityEditor.UI", "UnityEditor.UI.csproj", "{BBF4E861-9A31-20A7-76A7-E61AE28F91D2}"
EndProject
Global
	GlobalSection(SolutionConfigurationPlatforms) = preSolution
		Debug|Any CPU = Debug|Any CPU
		Release|Any CPU = Release|Any CPU
	EndGlobalSection
	GlobalSection(ProjectConfigurationPlatforms) = postSolution
		{86FCBEAD-2C60-2262-F355-E3D8BDA46247}.Debug|Any CPU.ActiveCfg = Debug|Any CPU
		{86FCBEAD-2C60-2262-F355-E3D8BDA46247}.Debug|Any CPU.Build.0 = Debug|Any CPU
		{86FCBEAD-2C60-2262-F355-E3D8BDA46247}.Release|Any CPU.ActiveCfg = Release|Any CPU
		{86FCBEAD-2C60-2262-F355-E3D8BDA46247}.Release|Any CPU.Build.0 = Release|Any CPU
		{BBF4E861-9A31-20A7-76A7-E61AE28F91D2}.Debug|Any CPU.ActiveCfg = Debug|Any CPU
		{BBF4E861-9A31-20A7-76A7-E61AE28F91D2}.Debug|Any CPU.Build.0 = Debug|Any CPU
		{BBF4E861-9A31-20A7-76A7-E61AE28F91D2}.Release|Any CPU.ActiveCfg = Release|Any CPU
		{BBF4E861-9A31-20A7-76A7-E61AE28F91D2}.Release|Any CPU.Build.0 = Release|Any CPU
	EndGlobalSection
	GlobalSection(SolutionProperties) = preSolution
		HideSolutionNode = FALSE
	EndGlobalSection
EndGlobal
